
Microsoft Visual Studio Solution File, Format Version 12.00
# Visual Studio Version 16
VisualStudioVersion = 16.0.31129.286
MinimumVisualStudioVersion = 10.0.40219.1
Project("{8BC9CEB8-8B4A-11D0-8D11-00A0C91BC942}") = "memory", "memory.vcxproj", "{36E96255-04A7-486D-A93A-F03D960C5B8E}"
EndProject
Global
	GlobalSection(SolutionConfigurationPlatforms) = preSolution
		Debug|Win32 = Debug|Win32
		Debug|x64 = Debug|x64
		Memory|Win32 = Memory|Win32
		Memory|x64 = Memory|x64
		Release|Win32 = Release|Win32
		Release|x64 = Release|x64
	EndGlobalSection
	GlobalSection(ProjectConfigurationPlatforms) = postSolution
		{36E96255-04A7-486D-A93A-F03D960C5B8E}.Debug|Win32.ActiveCfg = Debug|Win32
		{36E96255-04A7-486D-A93A-F03D960C5B8E}.Debug|Win32.Build.0 = Debug|Win32
		{36E96255-04A7-486D-A93A-F03D960C5B8E}.Debug|x64.ActiveCfg = Debug|x64
		{36E96255-04A7-486D-A93A-F03D960C5B8E}.Debug|x64.Build.0 = Debug|x64
		{36E96255-04A7-486D-A93A-F03D960C5B8E}.Memory|Win32.ActiveCfg = Memory|Win32
		{36E96255-04A7-486D-A93A-F03D960C5B8E}.Memory|Win32.Build.0 = Memory|Win32
		{36E96255-04A7-486D-A93A-F03D960C5B8E}.Memory|x64.ActiveCfg = Debug|Win32
		{36E96255-04A7-486D-A93A-F03D960C5B8E}.Memory|x64.Build.0 = Debug|Win32
		{36E96255-04A7-486D-A93A-F03D960C5B8E}.Release|Win32.ActiveCfg = Release|Win32
		{36E96255-04A7-486D-A93A-F03D960C5B8E}.Release|Win32.Build.0 = Release|Win32
		{36E96255-04A7-486D-A93A-F03D960C5B8E}.Release|x64.ActiveCfg = Release|x64
		{36E96255-04A7-486D-A93A-F03D960C5B8E}.Release|x64.Build.0 = Release|x64
	EndGlobalSection
	GlobalSection(SolutionProperties) = preSolution
		HideSolutionNode = FALSE
	EndGlobalSection
	GlobalSection(ExtensibilityGlobals) = postSolution
		SolutionGuid = {B7100BA6-1A09-44F4-9388-0F429EF73FB6}
	EndGlobalSection
EndGlobal
